PODS:
  - Alamofire (5.4.1)
  - NVActivityIndicatorView (5.1.1):
    - NVActivityIndicatorView/Base (= 5.1.1)
  - NVActivityIndicatorView/Base (5.1.1)
  - SDWebImage (5.10.4):
    - SDWebImage/Core (= 5.10.4)
  - SDWebImage/Core (5.10.4)
  - SwiftyJSON (5.0.0)

DEPENDENCIES:
  - Alamofire
  - NVActivityIndicatorView
  - SDWebImage (~> 5.0)
  - SwiftyJSON

SPEC REPOS:
  trunk:
    - Alamofire
    - NVActivityIndicatorView
    - SDWebImage
    - SwiftyJSON

SPEC CHECKSUMS:
  Alamofire: 2291f7d21ca607c491dd17642e5d40fdcda0e65c
  NVActivityIndicatorView: 1f6c5687f1171810aa27a3296814dc2d7dec3667
  SDWebImage: c666b97e1fa9c64b4909816a903322018f0a9c84
  SwiftyJSON: 36413e04c44ee145039d332b4f4e2d3e8d6c4db7

PODFILE CHECKSUM: d05fad4c2281712c3d345a554f198d3e3d19d255

COCOAPODS: 1.10.1
